
Microsoft Visual Studio Solution File, Format Version 12.00
# Visual Studio Version 17
VisualStudioVersion = 17.0.31919.166
MinimumVisualStudioVersion = 10.0.40219.1
Project("{FAE04EC0-301F-11D3-BF4B-00C04F79EFBC}") = "PokerGames", "PokerGames.csproj", "{A368E334-60BF-41EF-BF23-384BCEA36AE2}"
EndProject
Global
	GlobalSection(SolutionConfigurationPlatforms) = preSolution
		Debug|Any CPU = Debug|Any CPU
		Release|Any CPU = Release|Any CPU
	EndGlobalSection
	GlobalSection(ProjectConfigurationPlatforms) = postSolution
		{A368E334-60BF-41EF-BF23-384BCEA36AE2}.Debug|Any CPU.ActiveCfg = Debug|Any CPU
		{A368E334-60BF-41EF-BF23-384BCEA36AE2}.Debug|Any CPU.Build.0 = Debug|Any CPU
		{A368E334-60BF-41EF-BF23-384BCEA36AE2}.Release|Any CPU.ActiveCfg = Release|Any CPU
		{A368E334-60BF-41EF-BF23-384BCEA36AE2}.Release|Any CPU.Build.0 = Release|Any CPU
	EndGlobalSection
	GlobalSection(SolutionProperties) = preSolution
		HideSolutionNode = FALSE
	EndGlobalSection
	GlobalSection(ExtensibilityGlobals) = postSolution
		SolutionGuid = {41040DFC-5F2D-4536-BF22-977DDD7019F8}
	EndGlobalSection
EndGlobal
